
Microsoft Visual Studio Solution File, Format Version 12.00
# Visual Studio 15
VisualStudioVersion = 15.0.27703.2026
MinimumVisualStudioVersion = 10.0.40219.1
Project("{FAE04EC0-301F-11D3-BF4B-00C04F79EFBC}") = "API-1", "API-1\API-1.csproj", "{667B1CCA-BB5D-46CF-AFC3-617C70BE7DAB}"
EndProject
Project("{FAE04EC0-301F-11D3-BF4B-00C04F79EFBC}") = "PerformanceCountersCollector", "PerformanceCountersCollector\PerformanceCountersCollector.csproj", "{B08AC216-E5FA-48F2-97F6-61654E57998D}"
EndProject
Project("{FAE04EC0-301F-11D3-BF4B-00C04F79EFBC}") = "SentinelCoreAgent", "SentinelCoreAgent\SentinelCoreAgent.csproj", "{45D62DE6-0FB7-4D1F-AC64-2A9F5C802002}"
EndProject
Project("{FAE04EC0-301F-11D3-BF4B-00C04F79EFBC}") = "SentinelSNMPAgentStuff", "SentinelSNMPAgentStuff\SentinelSNMPAgentStuff.csproj", "{0846359D-6CF3-42D9-8312-5456DFD71A7C}"
EndProject
Project("{FAE04EC0-301F-11D3-BF4B-00C04F79EFBC}") = "Module", "Module\Module.csproj", "{1AA74930-9601-4B04-9230-A2D7315AED3C}"
EndProject
Project("{FAE04EC0-301F-11D3-BF4B-00C04F79EFBC}") = "SentinelAPICore", "SentinelAPICore\SentinelAPICore.csproj", "{4FFA0C04-D6CB-40B1-AFC8-BB3167B97D5D}"
EndProject
Project("{930C7802-8A8C-48F9-8165-68863BCCD9DD}") = "SentinelAPIAgent", "SentinelAPIAgent\SentinelAPIAgent.wixproj", "{DD1E8F4E-D081-4847-950C-4D92820A08FA}"
EndProject
Global
	GlobalSection(SolutionConfigurationPlatforms) = preSolution
		Debug|Any CPU = Debug|Any CPU
		Debug|x86 = Debug|x86
		Release|Any CPU = Release|Any CPU
		Release|x86 = Release|x86
	EndGlobalSection
	GlobalSection(ProjectConfigurationPlatforms) = postSolution
		{667B1CCA-BB5D-46CF-AFC3-617C70BE7DAB}.Debug|Any CPU.ActiveCfg = Debug|Any CPU
		{667B1CCA-BB5D-46CF-AFC3-617C70BE7DAB}.Debug|Any CPU.Build.0 = Debug|Any CPU
		{667B1CCA-BB5D-46CF-AFC3-617C70BE7DAB}.Debug|x86.ActiveCfg = Debug|Any CPU
		{667B1CCA-BB5D-46CF-AFC3-617C70BE7DAB}.Debug|x86.Build.0 = Debug|Any CPU
		{667B1CCA-BB5D-46CF-AFC3-617C70BE7DAB}.Release|Any CPU.ActiveCfg = Release|Any CPU
		{667B1CCA-BB5D-46CF-AFC3-617C70BE7DAB}.Release|Any CPU.Build.0 = Release|Any CPU
		{667B1CCA-BB5D-46CF-AFC3-617C70BE7DAB}.Release|x86.ActiveCfg = Release|Any CPU
		{667B1CCA-BB5D-46CF-AFC3-617C70BE7DAB}.Release|x86.Build.0 = Release|Any CPU
		{B08AC216-E5FA-48F2-97F6-61654E57998D}.Debug|Any CPU.ActiveCfg = Debug|Any CPU
		{B08AC216-E5FA-48F2-97F6-61654E57998D}.Debug|Any CPU.Build.0 = Debug|Any CPU
		{B08AC216-E5FA-48F2-97F6-61654E57998D}.Debug|x86.ActiveCfg = Debug|Any CPU
		{B08AC216-E5FA-48F2-97F6-61654E57998D}.Debug|x86.Build.0 = Debug|Any CPU
		{B08AC216-E5FA-48F2-97F6-61654E57998D}.Release|Any CPU.ActiveCfg = Release|Any CPU
		{B08AC216-E5FA-48F2-97F6-61654E57998D}.Release|Any CPU.Build.0 = Release|Any CPU
		{B08AC216-E5FA-48F2-97F6-61654E57998D}.Release|x86.ActiveCfg = Release|Any CPU
		{B08AC216-E5FA-48F2-97F6-61654E57998D}.Release|x86.Build.0 = Release|Any CPU
		{45D62DE6-0FB7-4D1F-AC64-2A9F5C802002}.Debug|Any CPU.ActiveCfg = Debug|Any CPU
		{45D62DE6-0FB7-4D1F-AC64-2A9F5C802002}.Debug|Any CPU.Build.0 = Debug|Any CPU
		{45D62DE6-0FB7-4D1F-AC64-2A9F5C802002}.Debug|x86.ActiveCfg = Debug|Any CPU
		{45D62DE6-0FB7-4D1F-AC64-2A9F5C802002}.Debug|x86.Build.0 = Debug|Any CPU
		{45D62DE6-0FB7-4D1F-AC64-2A9F5C802002}.Release|Any CPU.ActiveCfg = Release|Any CPU
		{45D62DE6-0FB7-4D1F-AC64-2A9F5C802002}.Release|Any CPU.Build.0 = Release|Any CPU
		{45D62DE6-0FB7-4D1F-AC64-2A9F5C802002}.Release|x86.ActiveCfg = Release|Any CPU
		{45D62DE6-0FB7-4D1F-AC64-2A9F5C802002}.Release|x86.Build.0 = Release|Any CPU
		{0846359D-6CF3-42D9-8312-5456DFD71A7C}.Debug|Any CPU.ActiveCfg = Debug|Any CPU
		{0846359D-6CF3-42D9-8312-5456DFD71A7C}.Debug|Any CPU.Build.0 = Debug|Any CPU
		{0846359D-6CF3-42D9-8312-5456DFD71A7C}.Debug|x86.ActiveCfg = Debug|Any CPU
		{0846359D-6CF3-42D9-8312-5456DFD71A7C}.Debug|x86.Build.0 = Debug|Any CPU
		{0846359D-6CF3-42D9-8312-5456DFD71A7C}.Release|Any CPU.ActiveCfg = Release|Any CPU
		{0846359D-6CF3-42D9-8312-5456DFD71A7C}.Release|Any CPU.Build.0 = Release|Any CPU
		{0846359D-6CF3-42D9-8312-5456DFD71A7C}.Release|x86.ActiveCfg = Release|Any CPU
		{0846359D-6CF3-42D9-8312-5456DFD71A7C}.Release|x86.Build.0 = Release|Any CPU
		{1AA74930-9601-4B04-9230-A2D7315AED3C}.Debug|Any CPU.ActiveCfg = Debug|Any CPU
		{1AA74930-9601-4B04-9230-A2D7315AED3C}.Debug|Any CPU.Build.0 = Debug|Any CPU
		{1AA74930-9601-4B04-9230-A2D7315AED3C}.Debug|x86.ActiveCfg = Debug|Any CPU
		{1AA74930-9601-4B04-9230-A2D7315AED3C}.Debug|x86.Build.0 = Debug|Any CPU
		{1AA74930-9601-4B04-9230-A2D7315AED3C}.Release|Any CPU.ActiveCfg = Release|Any CPU
		{1AA74930-9601-4B04-9230-A2D7315AED3C}.Release|Any CPU.Build.0 = Release|Any CPU
		{1AA74930-9601-4B04-9230-A2D7315AED3C}.Release|x86.ActiveCfg = Release|Any CPU
		{1AA74930-9601-4B04-9230-A2D7315AED3C}.Release|x86.Build.0 = Release|Any CPU
		{4FFA0C04-D6CB-40B1-AFC8-BB3167B97D5D}.Debug|Any CPU.ActiveCfg = Debug|Any CPU
		{4FFA0C04-D6CB-40B1-AFC8-BB3167B97D5D}.Debug|Any CPU.Build.0 = Debug|Any CPU
		{4FFA0C04-D6CB-40B1-AFC8-BB3167B97D5D}.Debug|x86.ActiveCfg = Debug|Any CPU
		{4FFA0C04-D6CB-40B1-AFC8-BB3167B97D5D}.Debug|x86.Build.0 = Debug|Any CPU
		{4FFA0C04-D6CB-40B1-AFC8-BB3167B97D5D}.Release|Any CPU.ActiveCfg = Release|Any CPU
		{4FFA0C04-D6CB-40B1-AFC8-BB3167B97D5D}.Release|Any CPU.Build.0 = Release|Any CPU
		{4FFA0C04-D6CB-40B1-AFC8-BB3167B97D5D}.Release|x86.ActiveCfg = Release|Any CPU
		{4FFA0C04-D6CB-40B1-AFC8-BB3167B97D5D}.Release|x86.Build.0 = Release|Any CPU
		{DD1E8F4E-D081-4847-950C-4D92820A08FA}.Debug|Any CPU.ActiveCfg = Debug|x86
		{DD1E8F4E-D081-4847-950C-4D92820A08FA}.Debug|x86.ActiveCfg = Debug|x86
		{DD1E8F4E-D081-4847-950C-4D92820A08FA}.Debug|x86.Build.0 = Debug|x86
		{DD1E8F4E-D081-4847-950C-4D92820A08FA}.Release|Any CPU.ActiveCfg = Release|x86
		{DD1E8F4E-D081-4847-950C-4D92820A08FA}.Release|x86.ActiveCfg = Release|x86
		{DD1E8F4E-D081-4847-950C-4D92820A08FA}.Release|x86.Build.0 = Release|x86
	EndGlobalSection
	GlobalSection(SolutionProperties) = preSolution
		HideSolutionNode = FALSE
	EndGlobalSection
	GlobalSection(ExtensibilityGlobals) = postSolution
		SolutionGuid = {3EA1100A-715E-4935-8985-85EE75B53433}
	EndGlobalSection
EndGlobal
